// !$*UTF8*$!
{
	archiveVersion = 1;
	classes = {
	};
	objectVersion = 56;
	objects = {

/* Begin PBXBuildFile section */
		0B017DD529424C7D000DAA42 /* AppDelegate.swift in Sources */ = {isa = PBXBuildFile; fileRef = 0B017DD429424C7D000DAA42 /* AppDelegate.swift */; };
		0B017DD729424C7D000DAA42 /* SceneDelegate.swift in Sources */ = {isa = PBXBuildFile; fileRef = 0B017DD629424C7D000DAA42 /* SceneDelegate.swift */; };
		0B017DD929424C7D000DAA42 /* ViewController.swift in Sources */ = {isa = PBXBuildFile; fileRef = 0B017DD829424C7D000DAA42 /* ViewController.swift */; };
		0B017DDC29424C7D000DAA42 /* Main.storyboard in Resources */ = {isa = PBXBuildFile; fileRef = 0B017DDA29424C7D000DAA42 /* Main.storyboard */; };
		0B017DDE29424C7F000DAA42 /* Assets.xcassets in Resources */ = {isa = PBXBuildFile; fileRef = 0B017DDD29424C7F000DAA42 /* Assets.xcassets */; };
		0B017DE129424C7F000DAA42 /* LaunchScreen.storyboard in Resources */ = {isa = PBXBuildFile; fileRef = 0B017DDF29424C7F000DAA42 /* LaunchScreen.storyboard */; };
		0B017E0629424C99000DAA42 /* InputField.swift in Sources */ = {isa = PBXBuildFile; fileRef = 0B017E0429424C99000DAA42 /* InputField.swift */; };
		0B017E0729424C99000DAA42 /* StarsRating.swift in Sources */ = {isa = PBXBuildFile; fileRef = 0B017E0529424C99000DAA42 /* StarsRating.swift */; };
		0B017E0A29424CAA000DAA42 /* grey_star.png in Resources */ = {isa = PBXBuildFile; fileRef = 0B017E0829424CAA000DAA42 /* grey_star.png */; };
		0B017E0B29424CAA000DAA42 /* yellow_star.png in Resources */ = {isa = PBXBuildFile; fileRef = 0B017E0929424CAA000DAA42 /* yellow_star.png */; };
		0B017E0D29424D2B000DAA42 /* MovieController.swift in Sources */ = {isa = PBXBuildFile; fileRef = 0B017E0C29424D2B000DAA42 /* MovieController.swift */; };
		0B07F66D294D45EB005831A8 /* MoviesStars.swift in Sources */ = {isa = PBXBuildFile; fileRef = 0B07F66C294D45EB005831A8 /* MoviesStars.swift */; };
		0B897D8C294B608300193C4D /* MovieTableViewCell.swift in Sources */ = {isa = PBXBuildFile; fileRef = 0B897D8B294B608300193C4D /* MovieTableViewCell.swift */; };
		0B897D8E294B7D2C00193C4D /* MovieControllerDelegate.swift in Sources */ = {isa = PBXBuildFile; fileRef = 0B897D8D294B7D2C00193C4D /* MovieControllerDelegate.swift */; };
		0B897D90294B7DBD00193C4D /* Movie.swift in Sources */ = {isa = PBXBuildFile; fileRef = 0B897D8F294B7DBD00193C4D /* Movie.swift */; };
/* End PBXBuildFile section */

/* Begin PBXContainerItemProxy section */
		0B017DE829424C7F000DAA42 /* PBXContainerItemProxy */ = {
			isa = PBXContainerItemProxy;
			containerPortal = 0B017DC929424C7D000DAA42 /* Project object */;
			proxyType = 1;
			remoteGlobalIDString = 0B017DD029424C7D000DAA42;
			remoteInfo = "ios-itmo-2022-assignment2";
		};
		0B017DF229424C7F000DAA42 /* PBXContainerItemProxy */ = {
			isa = PBXContainerItemProxy;
			containerPortal = 0B017DC929424C7D000DAA42 /* Project object */;
			proxyType = 1;
			remoteGlobalIDString = 0B017DD029424C7D000DAA42;
			remoteInfo = "ios-itmo-2022-assignment2";
		};
/* End PBXContainerItemProxy section */

/* Begin PBXFileReference section */
		0B017DD129424C7D000DAA42 /* ios-itmo-2022-assignment2.app */ = {isa = PBXFileReference; explicitFileType = wrapper.application; includeInIndex = 0; path = "ios-itmo-2022-assignment2.app"; sourceTree = BUILT_PRODUCTS_DIR; };
		0B017DD429424C7D000DAA42 /* AppDelegate.swift */ = {isa = PBXFileReference; lastKnownFileType = sourcecode.swift; path = AppDelegate.swift; sourceTree = "<group>"; };
		0B017DD629424C7D000DAA42 /* SceneDelegate.swift */ = {isa = PBXFileReference; lastKnownFileType = sourcecode.swift; path = SceneDelegate.swift; sourceTree = "<group>"; };
		0B017DD829424C7D000DAA42 /* ViewController.swift */ = {isa = PBXFileReference; lastKnownFileType = sourcecode.swift; path = ViewController.swift; sourceTree = "<group>"; };
		0B017DDB29424C7D000DAA42 /* Base */ = {isa = PBXFileReference; lastKnownFileType = file.storyboard; name = Base; path = Base.lproj/Main.storyboard; sourceTree = "<group>"; };
		0B017DDD29424C7F000DAA42 /* Assets.xcassets */ = {isa = PBXFileReference; lastKnownFileType = folder.assetcatalog; path = Assets.xcassets; sourceTree = "<group>"; };
		0B017DE029424C7F000DAA42 /* Base */ = {isa = PBXFileReference; lastKnownFileType = file.storyboard; name = Base; path = Base.lproj/LaunchScreen.storyboard; sourceTree = "<group>"; };
		0B017DE229424C7F000DAA42 /* Info.plist */ = {isa = PBXFileReference; lastKnownFileType = text.plist.xml; path = Info.plist; sourceTree = "<group>"; };
		0B017DE729424C7F000DAA42 /* ios-itmo-2022-assignment2Tests.xctest */ = {isa = PBXFileReference; explicitFileType = wrapper.cfbundle; includeInIndex = 0; path = "ios-itmo-2022-assignment2Tests.xctest"; sourceTree = BUILT_PRODUCTS_DIR; };
		0B017DF129424C7F000DAA42 /* ios-itmo-2022-assignment2UITests.xctest */ = {isa = PBXFileReference; explicitFileType = wrapper.cfbundle; includeInIndex = 0; path = "ios-itmo-2022-assignment2UITests.xctest"; sourceTree = BUILT_PRODUCTS_DIR; };
		0B017E0429424C99000DAA42 /* InputField.swift */ = {isa = PBXFileReference; fileEncoding = 4; lastKnownFileType = sourcecode.swift; path = InputField.swift; sourceTree = "<group>"; };
		0B017E0529424C99000DAA42 /* StarsRating.swift */ = {isa = PBXFileReference; fileEncoding = 4; lastKnownFileType = sourcecode.swift; path = StarsRating.swift; sourceTree = "<group>"; };
		0B017E0829424CAA000DAA42 /* grey_star.png */ = {isa = PBXFileReference; lastKnownFileType = image.png; path = grey_star.png; sourceTree = "<group>"; };
		0B017E0929424CAA000DAA42 /* yellow_star.png */ = {isa = PBXFileReference; lastKnownFileType = image.png; path = yellow_star.png; sourceTree = "<group>"; };
		0B017E0C29424D2B000DAA42 /* MovieController.swift */ = {isa = PBXFileReference; lastKnownFileType = sourcecode.swift; path = MovieController.swift; sourceTree = "<group>"; };
		0B07F66C294D45EB005831A8 /* MoviesStars.swift */ = {isa = PBXFileReference; lastKnownFileType = sourcecode.swift; path = MoviesStars.swift; sourceTree = "<group>"; };
		0B897D8B294B608300193C4D /* MovieTableViewCell.swift */ = {isa = PBXFileReference; lastKnownFileType = sourcecode.swift; path = MovieTableViewCell.swift; sourceTree = "<group>"; };
		0B897D8D294B7D2C00193C4D /* MovieControllerDelegate.swift */ = {isa = PBXFileReference; lastKnownFileType = sourcecode.swift; path = MovieControllerDelegate.swift; sourceTree = "<group>"; };
		0B897D8F294B7DBD00193C4D /* Movie.swift */ = {isa = PBXFileReference; lastKnownFileType = sourcecode.swift; path = Movie.swift; sourceTree = "<group>"; };
/* End PBXFileReference section */

/* Begin PBXFrameworksBuildPhase section */
		0B017DCE29424C7D000DAA42 /* Frameworks */ = {
			isa = PBXFrameworksBuildPhase;
			buildActionMask = 2147483647;
			files = (
			);
			runOnlyForDeploymentPostprocessing = 0;
		};
		0B017DE429424C7F000DAA42 /* Frameworks */ = {
			isa = PBXFrameworksBuildPhase;
			buildActionMask = 2147483647;
			files = (
			);
			runOnlyForDeploymentPostprocessing = 0;
		};
		0B017DEE29424C7F000DAA42 /* Frameworks */ = {
			isa = PBXFrameworksBuildPhase;
			buildActionMask = 2147483647;
			files = (
			);
			runOnlyForDeploymentPostprocessing = 0;
		};
/* End PBXFrameworksBuildPhase section */

/* Begin PBXGroup section */
		0B017DC829424C7D000DAA42 = {
			isa = PBXGroup;
			children = (
				0B017DD329424C7D000DAA42 /* ios-itmo-2022-assignment2 */,
				0B017DD229424C7D000DAA42 /* Products */,
			);
			sourceTree = "<group>";
		};
		0B017DD229424C7D000DAA42 /* Products */ = {
			isa = PBXGroup;
			children = (
				0B017DD129424C7D000DAA42 /* ios-itmo-2022-assignment2.app */,
				0B017DE729424C7F000DAA42 /* ios-itmo-2022-assignment2Tests.xctest */,
				0B017DF129424C7F000DAA42 /* ios-itmo-2022-assignment2UITests.xctest */,
			);
			name = Products;
			sourceTree = "<group>";
		};
		0B017DD329424C7D000DAA42 /* ios-itmo-2022-assignment2 */ = {
			isa = PBXGroup;
			children = (
				0B017E0829424CAA000DAA42 /* grey_star.png */,
				0B017E0929424CAA000DAA42 /* yellow_star.png */,
				0B017E0429424C99000DAA42 /* InputField.swift */,
				0B017E0529424C99000DAA42 /* StarsRating.swift */,
				0B017DD429424C7D000DAA42 /* AppDelegate.swift */,
				0B017DD629424C7D000DAA42 /* SceneDelegate.swift */,
				0B017DD829424C7D000DAA42 /* ViewController.swift */,
				0B017DDA29424C7D000DAA42 /* Main.storyboard */,
				0B017DDD29424C7F000DAA42 /* Assets.xcassets */,
				0B017DDF29424C7F000DAA42 /* LaunchScreen.storyboard */,
				0B017DE229424C7F000DAA42 /* Info.plist */,
				0B017E0C29424D2B000DAA42 /* MovieController.swift */,
				0B897D8B294B608300193C4D /* MovieTableViewCell.swift */,
				0B897D8D294B7D2C00193C4D /* MovieControllerDelegate.swift */,
				0B897D8F294B7DBD00193C4D /* Movie.swift */,
				0B07F66C294D45EB005831A8 /* MoviesStars.swift */,
			);
			path = "ios-itmo-2022-assignment2";
			sourceTree = "<group>";
		};
/* End PBXGroup section */

/* Begin PBXNativeTarget section */
		0B017DD029424C7D000DAA42 /* ios-itmo-2022-assignment2 */ = {
			isa = PBXNativeTarget;
			buildConfigurationList = 0B017DFB29424C7F000DAA42 /* Build configuration list for PBXNativeTarget "ios-itmo-2022-assignment2" */;
			buildPhases = (
				0B017DCD29424C7D000DAA42 /* Sources */,
				0B017DCE29424C7D000DAA42 /* Frameworks */,
				0B017DCF29424C7D000DAA42 /* Resources */,
			);
			buildRules = (
			);
			dependencies = (
			);
			name = "ios-itmo-2022-assignment2";
			productName = "ios-itmo-2022-assignment2";
			productReference = 0B017DD129424C7D000DAA42 /* ios-itmo-2022-assignment2.app */;
			productType = "com.apple.product-type.application";
		};
		0B017DE629424C7F000DAA42 /* ios-itmo-2022-assignment2Tests */ = {
			isa = PBXNativeTarget;
			buildConfigurationList = 0B017DFE29424C7F000DAA42 /* Build configuration list for PBXNativeTarget "ios-itmo-2022-assignment2Tests" */;
			buildPhases = (
				0B017DE329424C7F000DAA42 /* Sources */,
				0B017DE429424C7F000DAA42 /* Frameworks */,
				0B017DE529424C7F000DAA42 /* Resources */,
			);
			buildRules = (
			);
			dependencies = (
				0B017DE929424C7F000DAA42 /* PBXTargetDependency */,
			);
			name = "ios-itmo-2022-assignment2Tests";
			productName = "ios-itmo-2022-assignment2Tests";
			productReference = 0B017DE729424C7F000DAA42 /* ios-itmo-2022-assignment2Tests.xctest */;
			productType = "com.apple.product-type.bundle.unit-test";
		};
		0B017DF029424C7F000DAA42 /* ios-itmo-2022-assignment2UITests */ = {
			isa = PBXNativeTarget;
			buildConfigurationList = 0B017E0129424C7F000DAA42 /* Build configuration list for PBXNativeTarget "ios-itmo-2022-assignment2UITests" */;
			buildPhases = (
				0B017DED29424C7F000DAA42 /* Sources */,
				0B017DEE29424C7F000DAA42 /* Frameworks */,
				0B017DEF29424C7F000DAA42 /* Resources */,
			);
			buildRules = (
			);
			dependencies = (
				0B017DF329424C7F000DAA42 /* PBXTargetDependency */,
			);
			name = "ios-itmo-2022-assignment2UITests";
			productName = "ios-itmo-2022-assignment2UITests";
			productReference = 0B017DF129424C7F000DAA42 /* ios-itmo-2022-assignment2UITests.xctest */;
			productType = "com.apple.product-type.bundle.ui-testing";
		};
/* End PBXNativeTarget section */

/* Begin PBXProject section */
		0B017DC929424C7D000DAA42 /* Project object */ = {
			isa = PBXProject;
			attributes = {
				BuildIndependentTargetsInParallel = 1;
				LastSwiftUpdateCheck = 1400;
				LastUpgradeCheck = 1400;
				TargetAttributes = {
					0B017DD029424C7D000DAA42 = {
						CreatedOnToolsVersion = 14.0;
					};
					0B017DE629424C7F000DAA42 = {
						CreatedOnToolsVersion = 14.0;
						TestTargetID = 0B017DD029424C7D000DAA42;
					};
					0B017DF029424C7F000DAA42 = {
						CreatedOnToolsVersion = 14.0;
						TestTargetID = 0B017DD029424C7D000DAA42;
					};
				};
			};
			buildConfigurationList = 0B017DCC29424C7D000DAA42 /* Build configuration list for PBXProject "ios-itmo-2022-assignment2" */;
			compatibilityVersion = "Xcode 14.0";
			developmentRegion = en;
			hasScannedForEncodings = 0;
			knownRegions = (
				en,
				Base,
			);
			mainGroup = 0B017DC829424C7D000DAA42;
			productRefGroup = 0B017DD229424C7D000DAA42 /* Products */;
			projectDirPath = "";
			projectRoot = "";
			targets = (
				0B017DD029424C7D000DAA42 /* ios-itmo-2022-assignment2 */,
				0B017DE629424C7F000DAA42 /* ios-itmo-2022-assignment2Tests */,
				0B017DF029424C7F000DAA42 /* ios-itmo-2022-assignment2UITests */,
			);
		};
/* End PBXProject section */

/* Begin PBXResourcesBuildPhase section */
		0B017DCF29424C7D000DAA42 /* Resources */ = {
			isa = PBXResourcesBuildPhase;
			buildActionMask = 2147483647;
			files = (
				0B017E0A29424CAA000DAA42 /* grey_star.png in Resources */,
				0B017DE129424C7F000DAA42 /* LaunchScreen.storyboard in Resources */,
				0B017DDE29424C7F000DAA42 /* Assets.xcassets in Resources */,
				0B017E0B29424CAA000DAA42 /* yellow_star.png in Resources */,
				0B017DDC29424C7D000DAA42 /* Main.storyboard in Resources */,
			);
			runOnlyForDeploymentPostprocessing = 0;
		};
		0B017DE529424C7F000DAA42 /* Resources */ = {
			isa = PBXResourcesBuildPhase;
			buildActionMask = 2147483647;
			files = (
			);
			runOnlyForDeploymentPostprocessing = 0;
		};
		0B017DEF29424C7F000DAA42 /* Resources */ = {
			isa = PBXResourcesBuildPhase;
			buildActionMask = 2147483647;
			files = (
			);
			runOnlyForDeploymentPostprocessing = 0;
		};
/* End PBXResourcesBuildPhase section */

/* Begin PBXSourcesBuildPhase section */
		0B017DCD29424C7D000DAA42 /* Sources */ = {
			isa = PBXSourcesBuildPhase;
			buildActionMask = 2147483647;
			files = (
				0B017E0729424C99000DAA42 /* StarsRating.swift in Sources */,
				0B017E0D29424D2B000DAA42 /* MovieController.swift in Sources */,
				0B07F66D294D45EB005831A8 /* MoviesStars.swift in Sources */,
				0B897D90294B7DBD00193C4D /* Movie.swift in Sources */,
				0B897D8C294B608300193C4D /* MovieTableViewCell.swift in Sources */,
				0B017DD929424C7D000DAA42 /* ViewController.swift in Sources */,
				0B017DD529424C7D000DAA42 /* AppDelegate.swift in Sources */,
				0B017DD729424C7D000DAA42 /* SceneDelegate.swift in Sources */,
				0B017E0629424C99000DAA42 /* InputField.swift in Sources */,
				0B897D8E294B7D2C00193C4D /* MovieControllerDelegate.swift in Sources */,
			);
			runOnlyForDeploymentPostprocessing = 0;
		};
		0B017DE329424C7F000DAA42 /* Sources */ = {
			isa = PBXSourcesBuildPhase;
			buildActionMask = 2147483647;
			files = (
			);
			runOnlyForDeploymentPostprocessing = 0;
		};
		0B017DED29424C7F000DAA42 /* Sources */ = {
			isa = PBXSourcesBuildPhase;
			buildActionMask = 2147483647;
			files = (
			);
			runOnlyForDeploymentPostprocessing = 0;
		};
/* End PBXSourcesBuildPhase section */

/* Begin PBXTargetDependency section */
		0B017DE929424C7F000DAA42 /* PBXTargetDependency */ = {
			isa = PBXTargetDependency;
			target = 0B017DD029424C7D000DAA42 /* ios-itmo-2022-assignment2 */;
			targetProxy = 0B017DE829424C7F000DAA42 /* PBXContainerItemProxy */;
		};
		0B017DF329424C7F000DAA42 /* PBXTargetDependency */ = {
			isa = PBXTargetDependency;
			target = 0B017DD029424C7D000DAA42 /* ios-itmo-2022-assignment2 */;
			targetProxy = 0B017DF229424C7F000DAA42 /* PBXContainerItemProxy */;
		};
/* End PBXTargetDependency section */

/* Begin PBXVariantGroup section */
		0B017DDA29424C7D000DAA42 /* Main.storyboard */ = {
			isa = PBXVariantGroup;
			children = (
				0B017DDB29424C7D000DAA42 /* Base */,
			);
			name = Main.storyboard;
			sourceTree = "<group>";
		};
		0B017DDF29424C7F000DAA42 /* LaunchScreen.storyboard */ = {
			isa = PBXVariantGroup;
			children = (
				0B017DE029424C7F000DAA42 /* Base */,
			);
			name = LaunchScreen.storyboard;
			sourceTree = "<group>";
		};
/* End PBXVariantGroup section */

/* Begin XCBuildConfiguration section */
		0B017DF929424C7F000DAA42 /* Debug */ = {
			isa = XCBuildConfiguration;
			buildSettings = {
				ALWAYS_SEARCH_USER_PATHS = NO;
				CLANG_ANALYZER_NONNULL = YES;
				CLANG_ANALYZER_NUMBER_OBJECT_CONVERSION = YES_AGGRESSIVE;
				CLANG_CXX_LANGUAGE_STANDARD = "gnu++20";
				CLANG_ENABLE_MODULES = YES;
				CLANG_ENABLE_OBJC_ARC = YES;
				CLANG_ENABLE_OBJC_WEAK = YES;
				CLANG_WARN_BLOCK_CAPTURE_AUTORELEASING = YES;
				CLANG_WARN_BOOL_CONVERSION = YES;
				CLANG_WARN_COMMA = YES;
				CLANG_WARN_CONSTANT_CONVERSION = YES;
				CLANG_WARN_DEPRECATED_OBJC_IMPLEMENTATIONS = YES;
				CLANG_WARN_DIRECT_OBJC_ISA_USAGE = YES_ERROR;
				CLANG_WARN_DOCUMENTATION_COMMENTS = YES;
				CLANG_WARN_EMPTY_BODY = YES;
				CLANG_WARN_ENUM_CONVERSION = YES;
				CLANG_WARN_INFINITE_RECURSION = YES;
				CLANG_WARN_INT_CONVERSION = YES;
				CLANG_WARN_NON_LITERAL_NULL_CONVERSION = YES;
				CLANG_WARN_OBJC_IMPLICIT_RETAIN_SELF = YES;
				CLANG_WARN_OBJC_LITERAL_CONVERSION = YES;
				CLANG_WARN_OBJC_ROOT_CLASS = YES_ERROR;
				CLANG_WARN_QUOTED_INCLUDE_IN_FRAMEWORK_HEADER = YES;
				CLANG_WARN_RANGE_LOOP_ANALYSIS = YES;
				CLANG_WARN_STRICT_PROTOTYPES = YES;
				CLANG_WARN_SUSPICIOUS_MOVE = YES;
				CLANG_WARN_UNGUARDED_AVAILABILITY = YES_AGGRESSIVE;
				CLANG_WARN_UNREACHABLE_CODE = YES;
				CLANG_WARN__DUPLICATE_METHOD_MATCH = YES;
				COPY_PHASE_STRIP = NO;
				DEBUG_INFORMATION_FORMAT = dwarf;
				ENABLE_STRICT_OBJC_MSGSEND = YES;
				ENABLE_TESTABILITY = YES;
				GCC_C_LANGUAGE_STANDARD = gnu11;
				GCC_DYNAMIC_NO_PIC = NO;
				GCC_NO_COMMON_BLOCKS = YES;
				GCC_OPTIMIZATION_LEVEL = 0;
				GCC_PREPROCESSOR_DEFINITIONS = (
					"DEBUG=1",
					"$(inherited)",
				);
				GCC_WARN_64_TO_32_BIT_CONVERSION = YES;
				GCC_WARN_ABOUT_RETURN_TYPE = YES_ERROR;
				GCC_WARN_UNDECLARED_SELECTOR = YES;
				GCC_WARN_UNINITIALIZED_AUTOS = YES_AGGRESSIVE;
				GCC_WARN_UNUSED_FUNCTION = YES;
				GCC_WARN_UNUSED_VARIABLE = YES;
				IPHONEOS_DEPLOYMENT_TARGET = 16.0;
				MTL_ENABLE_DEBUG_INFO = INCLUDE_SOURCE;
				MTL_FAST_MATH = YES;
				ONLY_ACTIVE_ARCH = YES;
				SDKROOT = iphoneos;
				SWIFT_ACTIVE_COMPILATION_CONDITIONS = DEBUG;
				SWIFT_OPTIMIZATION_LEVEL = "-Onone";
			};
			name = Debug;
		};
		0B017DFA29424C7F000DAA42 /* Release */ = {
			isa = XCBuildConfiguration;
			buildSettings = {
				ALWAYS_SEARCH_USER_PATHS = NO;
				CLANG_ANALYZER_NONNULL = YES;
				CLANG_ANALYZER_NUMBER_OBJECT_CONVERSION = YES_AGGRESSIVE;
				CLANG_CXX_LANGUAGE_STANDARD = "gnu++20";
				CLANG_ENABLE_MODULES = YES;
				CLANG_ENABLE_OBJC_ARC = YES;
				CLANG_ENABLE_OBJC_WEAK = YES;
				CLANG_WARN_BLOCK_CAPTURE_AUTORELEASING = YES;
				CLANG_WARN_BOOL_CONVERSION = YES;
				CLANG_WARN_COMMA = YES;
				CLANG_WARN_CONSTANT_CONVERSION = YES;
				CLANG_WARN_DEPRECATED_OBJC_IMPLEMENTATIONS = YES;
				CLANG_WARN_DIRECT_OBJC_ISA_USAGE = YES_ERROR;
				CLANG_WARN_DOCUMENTATION_COMMENTS = YES;
				CLANG_WARN_EMPTY_BODY = YES;
				CLANG_WARN_ENUM_CONVERSION = YES;
				CLANG_WARN_INFINITE_RECURSION = YES;
				CLANG_WARN_INT_CONVERSION = YES;
				CLANG_WARN_NON_LITERAL_NULL_CONVERSION = YES;
				CLANG_WARN_OBJC_IMPLICIT_RETAIN_SELF = YES;
				CLANG_WARN_OBJC_LITERAL_CONVERSION = YES;
				CLANG_WARN_OBJC_ROOT_CLASS = YES_ERROR;
				CLANG_WARN_QUOTED_INCLUDE_IN_FRAMEWORK_HEADER = YES;
				CLANG_WARN_RANGE_LOOP_ANALYSIS = YES;
				CLANG_WARN_STRICT_PROTOTYPES = YES;
				CLANG_WARN_SUSPICIOUS_MOVE = YES;
				CLANG_WARN_UNGUARDED_AVAILABILITY = YES_AGGRESSIVE;
				CLANG_WARN_UNREACHABLE_CODE = YES;
				CLANG_WARN__DUPLICATE_METHOD_MATCH = YES;
				COPY_PHASE_STRIP = NO;
				DEBUG_INFORMATION_FORMAT = "dwarf-with-dsym";
				ENABLE_NS_ASSERTIONS = NO;
				ENABLE_STRICT_OBJC_MSGSEND = YES;
				GCC_C_LANGUAGE_STANDARD = gnu11;
				GCC_NO_COMMON_BLOCKS = YES;
				GCC_WARN_64_TO_32_BIT_CONVERSION = YES;
				GCC_WARN_ABOUT_RETURN_TYPE = YES_ERROR;
				GCC_WARN_UNDECLARED_SELECTOR = YES;
				GCC_WARN_UNINITIALIZED_AUTOS = YES_AGGRESSIVE;
				GCC_WARN_UNUSED_FUNCTION = YES;
				GCC_WARN_UNUSED_VARIABLE = YES;
				IPHONEOS_DEPLOYMENT_TARGET = 16.0;
				MTL_ENABLE_DEBUG_INFO = NO;
				MTL_FAST_MATH = YES;
				SDKROOT = iphoneos;
				SWIFT_COMPILATION_MODE = wholemodule;
				SWIFT_OPTIMIZATION_LEVEL = "-O";
				VALIDATE_PRODUCT = YES;
			};
			name = Release;
		};
		0B017DFC29424C7F000DAA42 /* Debug */ = {
			isa = XCBuildConfiguration;
			buildSettings = {
				ASSETCATALOG_COMPILER_APPICON_NAME = AppIcon;
				ASSETCATALOG_COMPILER_GLOBAL_ACCENT_COLOR_NAME = AccentColor;
				CODE_SIGN_STYLE = Automatic;
				CURRENT_PROJECT_VERSION = 1;
				DEVELOPMENT_TEAM = JK3UB83AZ2;
				GENERATE_INFOPLIST_FILE = YES;
				INFOPLIST_FILE = "ios-itmo-2022-assignment2/Info.plist";
				INFOPLIST_KEY_UIApplicationSupportsIndirectInputEvents = YES;
				INFOPLIST_KEY_UILaunchStoryboardName = LaunchScreen;
				INFOPLIST_KEY_UIMainStoryboardFile = Main;
				INFOPLIST_KEY_UISupportedInterfaceOrientations_iPad = "UIInterfaceOrientationPortrait UIInterfaceOrientationPortraitUpsideDown UIInterfaceOrientationLandscapeLeft UIInterfaceOrientationLandscapeRight";
				INFOPLIST_KEY_UISupportedInterfaceOrientations_iPhone = "UIInterfaceOrientationPortrait UIInterfaceOrientationLandscapeLeft UIInterfaceOrientationLandscapeRight";
				LD_RUNPATH_SEARCH_PATHS = (
					"$(inherited)",
					"@executable_path/Frameworks",
				);
				MARKETING_VERSION = 1.0;
				PRODUCT_BUNDLE_IDENTIFIER = "aa.ios-itmo-2022-assignment2";
				PRODUCT_NAME = "$(TARGET_NAME)";
				SWIFT_EMIT_LOC_STRINGS = YES;
				SWIFT_VERSION = 5.0;
				TARGETED_DEVICE_FAMILY = "1,2";
			};
			name = Debug;
		};
		0B017DFD29424C7F000DAA42 /* Release */ = {
			isa = XCBuildConfiguration;
			buildSettings = {
				ASSETCATALOG_COMPILER_APPICON_NAME = AppIcon;
				ASSETCATALOG_COMPILER_GLOBAL_ACCENT_COLOR_NAME = AccentColor;
				CODE_SIGN_STYLE = Automatic;
				CURRENT_PROJECT_VERSION = 1;
				DEVELOPMENT_TEAM = JK3UB83AZ2;
				GENERATE_INFOPLIST_FILE = YES;
				INFOPLIST_FILE = "ios-itmo-2022-assignment2/Info.plist";
				INFOPLIST_KEY_UIApplicationSupportsIndirectInputEvents = YES;
				INFOPLIST_KEY_UILaunchStoryboardName = LaunchScreen;
				INFOPLIST_KEY_UIMainStoryboardFile = Main;
				INFOPLIST_KEY_UISupportedInterfaceOrientations_iPad = "UIInterfaceOrientationPortrait UIInterfaceOrientationPortraitUpsideDown UIInterfaceOrientationLandscapeLeft UIInterfaceOrientationLandscapeRight";
				INFOPLIST_KEY_UISupportedInterfaceOrientations_iPhone = "UIInterfaceOrientationPortrait UIInterfaceOrientationLandscapeLeft UIInterfaceOrientationLandscapeRight";
				LD_RUNPATH_SEARCH_PATHS = (
					"$(inherited)",
					"@executable_path/Frameworks",
				);
				MARKETING_VERSION = 1.0;
				PRODUCT_BUNDLE_IDENTIFIER = "aa.ios-itmo-2022-assignment2";
				PRODUCT_NAME = "$(TARGET_NAME)";
				SWIFT_EMIT_LOC_STRINGS = YES;
				SWIFT_VERSION = 5.0;
				TARGETED_DEVICE_FAMILY = "1,2";
			};
			name = Release;
		};
		0B017DFF29424C7F000DAA42 /* Debug */ = {
			isa = XCBuildConfiguration;
			buildSettings = {
				ALWAYS_EMBED_SWIFT_STANDARD_LIBRARIES = YES;
				BUNDLE_LOADER = "$(TEST_HOST)";
				CODE_SIGN_STYLE = Automatic;
				CURRENT_PROJECT_VERSION = 1;
				DEVELOPMENT_TEAM = JK3UB83AZ2;
				GENERATE_INFOPLIST_FILE = YES;
				IPHONEOS_DEPLOYMENT_TARGET = 16.0;
				MARKETING_VERSION = 1.0;
				PRODUCT_BUNDLE_IDENTIFIER = "aa.ios-itmo-2022-assignment2Tests";
				PRODUCT_NAME = "$(TARGET_NAME)";
				SWIFT_EMIT_LOC_STRINGS = NO;
				SWIFT_VERSION = 5.0;
				TARGETED_DEVICE_FAMILY = "1,2";
				TEST_HOST = "$(BUILT_PRODUCTS_DIR)/ios-itmo-2022-assignment2.app/$(BUNDLE_EXECUTABLE_FOLDER_PATH)/ios-itmo-2022-assignment2";
			};
			name = Debug;
		};
		0B017E0029424C7F000DAA42 /* Release */ = {
			isa = XCBuildConfiguration;
			buildSettings = {
				ALWAYS_EMBED_SWIFT_STANDARD_LIBRARIES = YES;
				BUNDLE_LOADER = "$(TEST_HOST)";
				CODE_SIGN_STYLE = Automatic;
				CURRENT_PROJECT_VERSION = 1;
				DEVELOPMENT_TEAM = JK3UB83AZ2;
				GENERATE_INFOPLIST_FILE = YES;
				IPHONEOS_DEPLOYMENT_TARGET = 16.0;
				MARKETING_VERSION = 1.0;
				PRODUCT_BUNDLE_IDENTIFIER = "aa.ios-itmo-2022-assignment2Tests";
				PRODUCT_NAME = "$(TARGET_NAME)";
				SWIFT_EMIT_LOC_STRINGS = NO;
				SWIFT_VERSION = 5.0;
				TARGETED_DEVICE_FAMILY = "1,2";
				TEST_HOST = "$(BUILT_PRODUCTS_DIR)/ios-itmo-2022-assignment2.app/$(BUNDLE_EXECUTABLE_FOLDER_PATH)/ios-itmo-2022-assignment2";
			};
			name = Release;
		};
		0B017E0229424C7F000DAA42 /* Debug */ = {
			isa = XCBuildConfiguration;
			buildSettings = {
				ALWAYS_EMBED_SWIFT_STANDARD_LIBRARIES = YES;
				CODE_SIGN_STYLE = Automatic;
				CURRENT_PROJECT_VERSION = 1;
				DEVELOPMENT_TEAM = JK3UB83AZ2;
				GENERATE_INFOPLIST_FILE = YES;
				MARKETING_VERSION = 1.0;
				PRODUCT_BUNDLE_IDENTIFIER = "aa.ios-itmo-2022-assignment2UITests";
				PRODUCT_NAME = "$(TARGET_NAME)";
				SWIFT_EMIT_LOC_STRINGS = NO;
				SWIFT_VERSION = 5.0;
				TARGETED_DEVICE_FAMILY = "1,2";
				TEST_TARGET_NAME = "ios-itmo-2022-assignment2";
			};
			name = Debug;
		};
		0B017E0329424C7F000DAA42 /* Release */ = {
			isa = XCBuildConfiguration;
			buildSettings = {
				ALWAYS_EMBED_SWIFT_STANDARD_LIBRARIES = YES;
				CODE_SIGN_STYLE = Automatic;
				CURRENT_PROJECT_VERSION = 1;
				DEVELOPMENT_TEAM = JK3UB83AZ2;
				GENERATE_INFOPLIST_FILE = YES;
				MARKETING_VERSION = 1.0;
				PRODUCT_BUNDLE_IDENTIFIER = "aa.ios-itmo-2022-assignment2UITests";
				PRODUCT_NAME = "$(TARGET_NAME)";
				SWIFT_EMIT_LOC_STRINGS = NO;
				SWIFT_VERSION = 5.0;
				TARGETED_DEVICE_FAMILY = "1,2";
				TEST_TARGET_NAME = "ios-itmo-2022-assignment2";
			};
			name = Release;
		};
/* End XCBuildConfiguration section */

/* Begin XCConfigurationList section */
		0B017DCC29424C7D000DAA42 /* Build configuration list for PBXProject "ios-itmo-2022-assignment2" */ = {
			isa = XCConfigurationList;
			buildConfigurations = (
				0B017DF929424C7F000DAA42 /* Debug */,
				0B017DFA29424C7F000DAA42 /* Release */,
			);
			defaultConfigurationIsVisible = 0;
			defaultConfigurationName = Release;
		};
		0B017DFB29424C7F000DAA42 /* Build configuration list for PBXNativeTarget "ios-itmo-2022-assignment2" */ = {
			isa = XCConfigurationList;
			buildConfigurations = (
				0B017DFC29424C7F000DAA42 /* Debug */,
				0B017DFD29424C7F000DAA42 /* Release */,
			);
			defaultConfigurationIsVisible = 0;
			defaultConfigurationName = Release;
		};
		0B017DFE29424C7F000DAA42 /* Build configuration list for PBXNativeTarget "ios-itmo-2022-assignment2Tests" */ = {
			isa = XCConfigurationList;
			buildConfigurations = (
				0B017DFF29424C7F000DAA42 /* Debug */,
				0B017E0029424C7F000DAA42 /* Release */,
			);
			defaultConfigurationIsVisible = 0;
			defaultConfigurationName = Release;
		};
		0B017E0129424C7F000DAA42 /* Build configuration list for PBXNativeTarget "ios-itmo-2022-assignment2UITests" */ = {
			isa = XCConfigurationList;
			buildConfigurations = (
				0B017E0229424C7F000DAA42 /* Debug */,
				0B017E0329424C7F000DAA42 /* Release */,
			);
			defaultConfigurationIsVisible = 0;
			defaultConfigurationName = Release;
		};
/* End XCConfigurationList section */
	};
	rootObject = 0B017DC929424C7D000DAA42 /* Project object */;
}
